PODS:
  - SwiftRichString (3.0.3)
  - SwiftyJSON (5.0.0)

DEPENDENCIES:
  - SwiftRichString
  - SwiftyJSON

SPEC REPOS:
  trunk:
    - SwiftRichString
    - SwiftyJSON

SPEC CHECKSUMS:
  SwiftRichString: 2aea7d0761f77f6ef234f6028cde761d7eef40e6
  SwiftyJSON: 36413e04c44ee145039d332b4f4e2d3e8d6c4db7

PODFILE CHECKSUM: 2935699fa80614bd6fbcb9b653269058aa3fb41e

COCOAPODS: 1.8.4
